{
  "originHash" : "1436312c29af1c3b4da63b2f077fd4b14fd03c8a8b11485a7cdce6ff03d35f49",
  "pins" : [
    {
      "identity" : "crossplatformkit",
      "kind" : "remoteSourceControl",
      "location" : "https://github.com/bengottlieb/crossplatformkit",
      "state" : {
        "revision" : "eeaf28a917f394fea512b4b552889968bbd6d419",
        "version" : "1.0.9"
      }
    },
    {
      "identity" : "suite",
      "kind" : "remoteSourceControl",
      "location" : "https://github.com/ios-tooling/suite",
      "state" : {
        "revision" : "af216e4f3ba7339242d057c9c694dd2ac4fa2a98",
        "version" : "1.2.6"
      }
    },
    {
      "identity" : "swift-syntax",
      "kind" : "remoteSourceControl",
      "location" : "https://github.com/apple/swift-syntax",
      "state" : {
        "revision" : "0687f71944021d616d34d922343dcef086855920",
        "version" : "600.0.1"
      }
    }
  ],
  "version" : 3
}
