// !$*UTF8*$!
{
	archiveVersion = 1;
	classes = {
	};
	objectVersion = 54;
	objects = {

/* Begin PBXAggregateTarget section */
		B504E6661A89690C001B414B /* Combined Framework */ = {
			isa = PBXAggregateTarget;
			buildConfigurationList = B504E6671A89690C001B414B /* Build configuration list for PBXAggregateTarget "Combined Framework" */;
			buildPhases = (
				B504E66B1A89698A001B414B /* ShellScript */,
			);
			dependencies = (
			);
			name = "Combined Framework";
			productName = "Combined Framework";
		};
/* End PBXAggregateTarget section */

/* Begin PBXBuildFile section */
		B54A9B4D2125B417008E646E /* AppDelegate.swift in Sources */ = {isa = PBXBuildFile; fileRef = B54A9B4C2125B417008E646E /* AppDelegate.swift */; };
		B54A9B4F2125B417008E646E /* ViewController.swift in Sources */ = {isa = PBXBuildFile; fileRef = B54A9B4E2125B417008E646E /* ViewController.swift */; };
		B54A9B522125B417008E646E /* Main.storyboard in Resources */ = {isa = PBXBuildFile; fileRef = B54A9B502125B417008E646E /* Main.storyboard */; };
		B54A9B542125B418008E646E /* Assets.xcassets in Resources */ = {isa = PBXBuildFile; fileRef = B54A9B532125B418008E646E /* Assets.xcassets */; };
		B54A9B572125B418008E646E /* LaunchScreen.storyboard in Resources */ = {isa = PBXBuildFile; fileRef = B54A9B552125B418008E646E /* LaunchScreen.storyboard */; };
		B5C8C7DB2A3872DE0095788D /* NearbyLogger.swift in Sources */ = {isa = PBXBuildFile; fileRef = B5C8C7CF2A3872DE0095788D /* NearbyLogger.swift */; };
		B5C8C7DC2A3872DE0095788D /* MCPeerID+Additions.swift in Sources */ = {isa = PBXBuildFile; fileRef = B5C8C7D02A3872DE0095788D /* MCPeerID+Additions.swift */; };
		B5C8C7DD2A3872DE0095788D /* NearbyMessageRouter.swift in Sources */ = {isa = PBXBuildFile; fileRef = B5C8C7D12A3872DE0095788D /* NearbyMessageRouter.swift */; };
		B5C8C7DE2A3872DE0095788D /* String+Bonjour.swift in Sources */ = {isa = PBXBuildFile; fileRef = B5C8C7D22A3872DE0095788D /* String+Bonjour.swift */; };
		B5C8C7DF2A3872DE0095788D /* NearbyScanner.swift in Sources */ = {isa = PBXBuildFile; fileRef = B5C8C7D32A3872DE0095788D /* NearbyScanner.swift */; };
		B5C8C7E02A3872DE0095788D /* NearbyDevice+Checks.swift in Sources */ = {isa = PBXBuildFile; fileRef = B5C8C7D42A3872DE0095788D /* NearbyDevice+Checks.swift */; };
		B5C8C7E12A3872DE0095788D /* Notifications.swift in Sources */ = {isa = PBXBuildFile; fileRef = B5C8C7D52A3872DE0095788D /* Notifications.swift */; };
		B5C8C7E22A3872DE0095788D /* NearbyMessage.swift in Sources */ = {isa = PBXBuildFile; fileRef = B5C8C7D62A3872DE0095788D /* NearbyMessage.swift */; };
		B5C8C7E32A3872DE0095788D /* NearbyStatusView.swift in Sources */ = {isa = PBXBuildFile; fileRef = B5C8C7D72A3872DE0095788D /* NearbyStatusView.swift */; };
		B5C8C7E42A3872DE0095788D /* NearbyDevice.swift in Sources */ = {isa = PBXBuildFile; fileRef = B5C8C7D82A3872DE0095788D /* NearbyDevice.swift */; };
		B5C8C7E52A3872DE0095788D /* NearbySession.swift in Sources */ = {isa = PBXBuildFile; fileRef = B5C8C7D92A3872DE0095788D /* NearbySession.swift */; };
		B5C8C7E62A3872DE0095788D /* NearbyDevice+MCSessionDelegate.swift in Sources */ = {isa = PBXBuildFile; fileRef = B5C8C7DA2A3872DE0095788D /* NearbyDevice+MCSessionDelegate.swift */; };
		B5C8C7E92A3873020095788D /* CrossPlatformKit in Frameworks */ = {isa = PBXBuildFile; productRef = B5C8C7E82A3873020095788D /* CrossPlatformKit */; };
		B5C8C7EB2A38730E0095788D /* Suite in Frameworks */ = {isa = PBXBuildFile; productRef = B5C8C7EA2A38730E0095788D /* Suite */; };
		B5C8C7ED2A3873510095788D /* NearbyDevicesHUD.swift in Sources */ = {isa = PBXBuildFile; fileRef = B5C8C7EC2A3873510095788D /* NearbyDevicesHUD.swift */; };
/* End PBXBuildFile section */

/* Begin PBXContainerItemProxy section */
		B54A9B5E2125B418008E646E /* PBXContainerItemProxy */ = {
			isa = PBXContainerItemProxy;
			containerPortal = B504E60B1A89230F001B414B /* Project object */;
			proxyType = 1;
			remoteGlobalIDString = B54A9B492125B417008E646E;
			remoteInfo = iOSTestingHarness;
		};
		B54A9B692125B418008E646E /* PBXContainerItemProxy */ = {
			isa = PBXContainerItemProxy;
			containerPortal = B504E60B1A89230F001B414B /* Project object */;
			proxyType = 1;
			remoteGlobalIDString = B54A9B492125B417008E646E;
			remoteInfo = iOSTestingHarness;
		};
/* End PBXContainerItemProxy section */

/* Begin PBXCopyFilesBuildPhase section */
		B54A9B7B2125B454008E646E /* Copy Frameworks */ = {
			isa = PBXCopyFilesBuildPhase;
			buildActionMask = 2147483647;
			dstPath = "";
			dstSubfolderSpec = 10;
			files = (
			);
			name = "Copy Frameworks";
			runOnlyForDeploymentPostprocessing = 0;
		};
/* End PBXCopyFilesBuildPhase section */

/* Begin PBXFileReference section */
		B54A9B4A2125B417008E646E /* iOSTestingHarness.app */ = {isa = PBXFileReference; explicitFileType = wrapper.application; includeInIndex = 0; path = iOSTestingHarness.app; sourceTree = BUILT_PRODUCTS_DIR; };
		B54A9B4C2125B417008E646E /* AppDelegate.swift */ = {isa = PBXFileReference; lastKnownFileType = sourcecode.swift; path = AppDelegate.swift; sourceTree = "<group>"; };
		B54A9B4E2125B417008E646E /* ViewController.swift */ = {isa = PBXFileReference; lastKnownFileType = sourcecode.swift; path = ViewController.swift; sourceTree = "<group>"; };
		B54A9B512125B417008E646E /* Base */ = {isa = PBXFileReference; lastKnownFileType = file.storyboard; name = Base; path = Base.lproj/Main.storyboard; sourceTree = "<group>"; };
		B54A9B532125B418008E646E /* Assets.xcassets */ = {isa = PBXFileReference; lastKnownFileType = folder.assetcatalog; path = Assets.xcassets; sourceTree = "<group>"; };
		B54A9B562125B418008E646E /* Base */ = {isa = PBXFileReference; lastKnownFileType = file.storyboard; name = Base; path = Base.lproj/LaunchScreen.storyboard; sourceTree = "<group>"; };
		B54A9B582125B418008E646E /* Info.plist */ = {isa = PBXFileReference; lastKnownFileType = text.plist.xml; path = Info.plist; sourceTree = "<group>"; };
		B54A9B5D2125B418008E646E /* iOSTestingHarnessTests.xctest */ = {isa = PBXFileReference; explicitFileType = wrapper.cfbundle; includeInIndex = 0; path = iOSTestingHarnessTests.xctest; sourceTree = BUILT_PRODUCTS_DIR; };
		B54A9B682125B418008E646E /* iOSTestingHarnessUITests.xctest */ = {isa = PBXFileReference; explicitFileType = wrapper.cfbundle; includeInIndex = 0; path = iOSTestingHarnessUITests.xctest; sourceTree = BUILT_PRODUCTS_DIR; };
		B5C8C7CF2A3872DE0095788D /* NearbyLogger.swift */ = {isa = PBXFileReference; fileEncoding = 4; lastKnownFileType = sourcecode.swift; path = NearbyLogger.swift; sourceTree = "<group>"; };
		B5C8C7D02A3872DE0095788D /* MCPeerID+Additions.swift */ = {isa = PBXFileReference; fileEncoding = 4; lastKnownFileType = sourcecode.swift; path = "MCPeerID+Additions.swift"; sourceTree = "<group>"; };
		B5C8C7D12A3872DE0095788D /* NearbyMessageRouter.swift */ = {isa = PBXFileReference; fileEncoding = 4; lastKnownFileType = sourcecode.swift; path = NearbyMessageRouter.swift; sourceTree = "<group>"; };
		B5C8C7D22A3872DE0095788D /* String+Bonjour.swift */ = {isa = PBXFileReference; fileEncoding = 4; lastKnownFileType = sourcecode.swift; path = "String+Bonjour.swift"; sourceTree = "<group>"; };
		B5C8C7D32A3872DE0095788D /* NearbyScanner.swift */ = {isa = PBXFileReference; fileEncoding = 4; lastKnownFileType = sourcecode.swift; path = NearbyScanner.swift; sourceTree = "<group>"; };
		B5C8C7D42A3872DE0095788D /* NearbyDevice+Checks.swift */ = {isa = PBXFileReference; fileEncoding = 4; lastKnownFileType = sourcecode.swift; path = "NearbyDevice+Checks.swift"; sourceTree = "<group>"; };
		B5C8C7D52A3872DE0095788D /* Notifications.swift */ = {isa = PBXFileReference; fileEncoding = 4; lastKnownFileType = sourcecode.swift; path = Notifications.swift; sourceTree = "<group>"; };
		B5C8C7D62A3872DE0095788D /* NearbyMessage.swift */ = {isa = PBXFileReference; fileEncoding = 4; lastKnownFileType = sourcecode.swift; path = NearbyMessage.swift; sourceTree = "<group>"; };
		B5C8C7D72A3872DE0095788D /* NearbyStatusView.swift */ = {isa = PBXFileReference; fileEncoding = 4; lastKnownFileType = sourcecode.swift; path = NearbyStatusView.swift; sourceTree = "<group>"; };
		B5C8C7D82A3872DE0095788D /* NearbyDevice.swift */ = {isa = PBXFileReference; fileEncoding = 4; lastKnownFileType = sourcecode.swift; path = NearbyDevice.swift; sourceTree = "<group>"; };
		B5C8C7D92A3872DE0095788D /* NearbySession.swift */ = {isa = PBXFileReference; fileEncoding = 4; lastKnownFileType = sourcecode.swift; path = NearbySession.swift; sourceTree = "<group>"; };
		B5C8C7DA2A3872DE0095788D /* NearbyDevice+MCSessionDelegate.swift */ = {isa = PBXFileReference; fileEncoding = 4; lastKnownFileType = sourcecode.swift; path = "NearbyDevice+MCSessionDelegate.swift"; sourceTree = "<group>"; };
		B5C8C7EC2A3873510095788D /* NearbyDevicesHUD.swift */ = {isa = PBXFileReference; lastKnownFileType = sourcecode.swift; path = NearbyDevicesHUD.swift; sourceTree = "<group>"; };
/* End PBXFileReference section */

/* Begin PBXFrameworksBuildPhase section */
		B54A9B472125B417008E646E /* Frameworks */ = {
			isa = PBXFrameworksBuildPhase;
			buildActionMask = 2147483647;
			files = (
				B5C8C7E92A3873020095788D /* CrossPlatformKit in Frameworks */,
				B5C8C7EB2A38730E0095788D /* Suite in Frameworks */,
			);
			runOnlyForDeploymentPostprocessing = 0;
		};
		B54A9B5A2125B418008E646E /* Frameworks */ = {
			isa = PBXFrameworksBuildPhase;
			buildActionMask = 2147483647;
			files = (
			);
			runOnlyForDeploymentPostprocessing = 0;
		};
		B54A9B652125B418008E646E /* Frameworks */ = {
			isa = PBXFrameworksBuildPhase;
			buildActionMask = 2147483647;
			files = (
			);
			runOnlyForDeploymentPostprocessing = 0;
		};
/* End PBXFrameworksBuildPhase section */

/* Begin PBXGroup section */
		B504E60A1A89230F001B414B = {
			isa = PBXGroup;
			children = (
				B5C8C7922A365D5E0095788D /* Sources */,
				B54A9B4B2125B417008E646E /* iOSTestingHarness */,
				B504E6141A89230F001B414B /* Products */,
				B5C8C7E72A3873020095788D /* Frameworks */,
			);
			sourceTree = "<group>";
		};
		B504E6141A89230F001B414B /* Products */ = {
			isa = PBXGroup;
			children = (
				B54A9B4A2125B417008E646E /* iOSTestingHarness.app */,
				B54A9B5D2125B418008E646E /* iOSTestingHarnessTests.xctest */,
				B54A9B682125B418008E646E /* iOSTestingHarnessUITests.xctest */,
			);
			name = Products;
			sourceTree = "<group>";
		};
		B54A9B4B2125B417008E646E /* iOSTestingHarness */ = {
			isa = PBXGroup;
			children = (
				B54A9B4C2125B417008E646E /* AppDelegate.swift */,
				B54A9B4E2125B417008E646E /* ViewController.swift */,
				B54A9B502125B417008E646E /* Main.storyboard */,
				B54A9B532125B418008E646E /* Assets.xcassets */,
				B54A9B552125B418008E646E /* LaunchScreen.storyboard */,
				B54A9B582125B418008E646E /* Info.plist */,
			);
			path = iOSTestingHarness;
			sourceTree = "<group>";
		};
		B5C8C7922A365D5E0095788D /* Sources */ = {
			isa = PBXGroup;
			children = (
				B5C8C7CE2A3872DE0095788D /* Nearby */,
			);
			path = Sources;
			sourceTree = "<group>";
		};
		B5C8C7CE2A3872DE0095788D /* Nearby */ = {
			isa = PBXGroup;
			children = (
				B5C8C7CF2A3872DE0095788D /* NearbyLogger.swift */,
				B5C8C7D02A3872DE0095788D /* MCPeerID+Additions.swift */,
				B5C8C7D12A3872DE0095788D /* NearbyMessageRouter.swift */,
				B5C8C7D22A3872DE0095788D /* String+Bonjour.swift */,
				B5C8C7D32A3872DE0095788D /* NearbyScanner.swift */,
				B5C8C7D42A3872DE0095788D /* NearbyDevice+Checks.swift */,
				B5C8C7D52A3872DE0095788D /* Notifications.swift */,
				B5C8C7D62A3872DE0095788D /* NearbyMessage.swift */,
				B5C8C7D72A3872DE0095788D /* NearbyStatusView.swift */,
				B5C8C7D82A3872DE0095788D /* NearbyDevice.swift */,
				B5C8C7D92A3872DE0095788D /* NearbySession.swift */,
				B5C8C7EC2A3873510095788D /* NearbyDevicesHUD.swift */,
				B5C8C7DA2A3872DE0095788D /* NearbyDevice+MCSessionDelegate.swift */,
			);
			path = Nearby;
			sourceTree = "<group>";
		};
		B5C8C7E72A3873020095788D /* Frameworks */ = {
			isa = PBXGroup;
			children = (
			);
			name = Frameworks;
			sourceTree = "<group>";
		};
/* End PBXGroup section */

/* Begin PBXNativeTarget section */
		B54A9B492125B417008E646E /* iOSTestingHarness */ = {
			isa = PBXNativeTarget;
			buildConfigurationList = B54A9B6F2125B418008E646E /* Build configuration list for PBXNativeTarget "iOSTestingHarness" */;
			buildPhases = (
				B54A9B462125B417008E646E /* Sources */,
				B54A9B472125B417008E646E /* Frameworks */,
				B54A9B482125B417008E646E /* Resources */,
				B54A9B7B2125B454008E646E /* Copy Frameworks */,
			);
			buildRules = (
			);
			dependencies = (
			);
			name = iOSTestingHarness;
			packageProductDependencies = (
				B5C8C7E82A3873020095788D /* CrossPlatformKit */,
				B5C8C7EA2A38730E0095788D /* Suite */,
			);
			productName = iOSTestingHarness;
			productReference = B54A9B4A2125B417008E646E /* iOSTestingHarness.app */;
			productType = "com.apple.product-type.application";
		};
		B54A9B5C2125B418008E646E /* iOSTestingHarnessTests */ = {
			isa = PBXNativeTarget;
			buildConfigurationList = B54A9B722125B418008E646E /* Build configuration list for PBXNativeTarget "iOSTestingHarnessTests" */;
			buildPhases = (
				B54A9B592125B418008E646E /* Sources */,
				B54A9B5A2125B418008E646E /* Frameworks */,
				B54A9B5B2125B418008E646E /* Resources */,
			);
			buildRules = (
			);
			dependencies = (
				B54A9B5F2125B418008E646E /* PBXTargetDependency */,
			);
			name = iOSTestingHarnessTests;
			productName = iOSTestingHarnessTests;
			productReference = B54A9B5D2125B418008E646E /* iOSTestingHarnessTests.xctest */;
			productType = "com.apple.product-type.bundle.unit-test";
		};
		B54A9B672125B418008E646E /* iOSTestingHarnessUITests */ = {
			isa = PBXNativeTarget;
			buildConfigurationList = B54A9B752125B418008E646E /* Build configuration list for PBXNativeTarget "iOSTestingHarnessUITests" */;
			buildPhases = (
				B54A9B642125B418008E646E /* Sources */,
				B54A9B652125B418008E646E /* Frameworks */,
				B54A9B662125B418008E646E /* Resources */,
			);
			buildRules = (
			);
			dependencies = (
				B54A9B6A2125B418008E646E /* PBXTargetDependency */,
			);
			name = iOSTestingHarnessUITests;
			productName = iOSTestingHarnessUITests;
			productReference = B54A9B682125B418008E646E /* iOSTestingHarnessUITests.xctest */;
			productType = "com.apple.product-type.bundle.ui-testing";
		};
/* End PBXNativeTarget section */

/* Begin PBXProject section */
		B504E60B1A89230F001B414B /* Project object */ = {
			isa = PBXProject;
			attributes = {
				BuildIndependentTargetsInParallel = YES;
				LastSwiftUpdateCheck = 1000;
				LastUpgradeCheck = 1500;
				ORGANIZATIONNAME = "Stand Alone, inc.";
				TargetAttributes = {
					B504E6661A89690C001B414B = {
						CreatedOnToolsVersion = 6.1.1;
						LastSwiftMigration = 0800;
					};
					B54A9B492125B417008E646E = {
						CreatedOnToolsVersion = 10.0;
						DevelopmentTeam = YY6CWUX533;
						ProvisioningStyle = Automatic;
					};
					B54A9B5C2125B418008E646E = {
						CreatedOnToolsVersion = 10.0;
						DevelopmentTeam = YY6CWUX533;
						ProvisioningStyle = Automatic;
						TestTargetID = B54A9B492125B417008E646E;
					};
					B54A9B672125B418008E646E = {
						CreatedOnToolsVersion = 10.0;
						DevelopmentTeam = YY6CWUX533;
						ProvisioningStyle = Automatic;
						TestTargetID = B54A9B492125B417008E646E;
					};
				};
			};
			buildConfigurationList = B504E60E1A89230F001B414B /* Build configuration list for PBXProject "Nearby" */;
			compatibilityVersion = "Xcode 3.2";
			developmentRegion = en;
			hasScannedForEncodings = 0;
			knownRegions = (
				en,
				Base,
			);
			mainGroup = B504E60A1A89230F001B414B;
			packageReferences = (
				B5C8C7B82A365D770095788D /* XCRemoteSwiftPackageReference "crossplatformkit" */,
				B5C8C7BB2A365DA90095788D /* XCRemoteSwiftPackageReference "suite" */,
			);
			productRefGroup = B504E6141A89230F001B414B /* Products */;
			projectDirPath = "";
			projectRoot = "";
			targets = (
				B504E6661A89690C001B414B /* Combined Framework */,
				B54A9B492125B417008E646E /* iOSTestingHarness */,
				B54A9B5C2125B418008E646E /* iOSTestingHarnessTests */,
				B54A9B672125B418008E646E /* iOSTestingHarnessUITests */,
			);
		};
/* End PBXProject section */

/* Begin PBXResourcesBuildPhase section */
		B54A9B482125B417008E646E /* Resources */ = {
			isa = PBXResourcesBuildPhase;
			buildActionMask = 2147483647;
			files = (
				B54A9B572125B418008E646E /* LaunchScreen.storyboard in Resources */,
				B54A9B542125B418008E646E /* Assets.xcassets in Resources */,
				B54A9B522125B417008E646E /* Main.storyboard in Resources */,
			);
			runOnlyForDeploymentPostprocessing = 0;
		};
		B54A9B5B2125B418008E646E /* Resources */ = {
			isa = PBXResourcesBuildPhase;
			buildActionMask = 2147483647;
			files = (
			);
			runOnlyForDeploymentPostprocessing = 0;
		};
		B54A9B662125B418008E646E /* Resources */ = {
			isa = PBXResourcesBuildPhase;
			buildActionMask = 2147483647;
			files = (
			);
			runOnlyForDeploymentPostprocessing = 0;
		};
/* End PBXResourcesBuildPhase section */

/* Begin PBXShellScriptBuildPhase section */
		B504E66B1A89698A001B414B /* ShellScript */ = {
			isa = PBXShellScriptBuildPhase;
			buildActionMask = 2147483647;
			files = (
			);
			inputPaths = (
			);
			outputPaths = (
			);
			runOnlyForDeploymentPostprocessing = 0;
			shellPath = /bin/sh;
			shellScript = ./Nearby/BuildFramework.sh;
		};
/* End PBXShellScriptBuildPhase section */

/* Begin PBXSourcesBuildPhase section */
		B54A9B462125B417008E646E /* Sources */ = {
			isa = PBXSourcesBuildPhase;
			buildActionMask = 2147483647;
			files = (
				B5C8C7E62A3872DE0095788D /* NearbyDevice+MCSessionDelegate.swift in Sources */,
				B5C8C7DE2A3872DE0095788D /* String+Bonjour.swift in Sources */,
				B5C8C7E02A3872DE0095788D /* NearbyDevice+Checks.swift in Sources */,
				B5C8C7E42A3872DE0095788D /* NearbyDevice.swift in Sources */,
				B5C8C7DD2A3872DE0095788D /* NearbyMessageRouter.swift in Sources */,
				B5C8C7E12A3872DE0095788D /* Notifications.swift in Sources */,
				B5C8C7E52A3872DE0095788D /* NearbySession.swift in Sources */,
				B54A9B4F2125B417008E646E /* ViewController.swift in Sources */,
				B54A9B4D2125B417008E646E /* AppDelegate.swift in Sources */,
				B5C8C7E32A3872DE0095788D /* NearbyStatusView.swift in Sources */,
				B5C8C7ED2A3873510095788D /* NearbyDevicesHUD.swift in Sources */,
				B5C8C7DF2A3872DE0095788D /* NearbyScanner.swift in Sources */,
				B5C8C7DC2A3872DE0095788D /* MCPeerID+Additions.swift in Sources */,
				B5C8C7E22A3872DE0095788D /* NearbyMessage.swift in Sources */,
				B5C8C7DB2A3872DE0095788D /* NearbyLogger.swift in Sources */,
			);
			runOnlyForDeploymentPostprocessing = 0;
		};
		B54A9B592125B418008E646E /* Sources */ = {
			isa = PBXSourcesBuildPhase;
			buildActionMask = 2147483647;
			files = (
			);
			runOnlyForDeploymentPostprocessing = 0;
		};
		B54A9B642125B418008E646E /* Sources */ = {
			isa = PBXSourcesBuildPhase;
			buildActionMask = 2147483647;
			files = (
			);
			runOnlyForDeploymentPostprocessing = 0;
		};
/* End PBXSourcesBuildPhase section */

/* Begin PBXTargetDependency section */
		B54A9B5F2125B418008E646E /* PBXTargetDependency */ = {
			isa = PBXTargetDependency;
			target = B54A9B492125B417008E646E /* iOSTestingHarness */;
			targetProxy = B54A9B5E2125B418008E646E /* PBXContainerItemProxy */;
		};
		B54A9B6A2125B418008E646E /* PBXTargetDependency */ = {
			isa = PBXTargetDependency;
			target = B54A9B492125B417008E646E /* iOSTestingHarness */;
			targetProxy = B54A9B692125B418008E646E /* PBXContainerItemProxy */;
		};
/* End PBXTargetDependency section */

/* Begin PBXVariantGroup section */
		B54A9B502125B417008E646E /* Main.storyboard */ = {
			isa = PBXVariantGroup;
			children = (
				B54A9B512125B417008E646E /* Base */,
			);
			name = Main.storyboard;
			sourceTree = "<group>";
		};
		B54A9B552125B418008E646E /* LaunchScreen.storyboard */ = {
			isa = PBXVariantGroup;
			children = (
				B54A9B562125B418008E646E /* Base */,
			);
			name = LaunchScreen.storyboard;
			sourceTree = "<group>";
		};
/* End PBXVariantGroup section */

/* Begin XCBuildConfiguration section */
		B504E6301A89230F001B414B /* Debug */ = {
			isa = XCBuildConfiguration;
			buildSettings = {
				ALWAYS_SEARCH_USER_PATHS = NO;
				APPLICATION_EXTENSION_API_ONLY = YES;
				CLANG_ANALYZER_LOCALIZABILITY_NONLOCALIZED = YES;
				CLANG_CXX_LANGUAGE_STANDARD = "gnu++0x";
				CLANG_CXX_LIBRARY = "libc++";
				CLANG_ENABLE_MODULES = YES;
				CLANG_ENABLE_OBJC_ARC = YES;
				CLANG_WARN_BLOCK_CAPTURE_AUTORELEASING = YES;
				CLANG_WARN_BOOL_CONVERSION = YES;
				CLANG_WARN_COMMA = YES;
				CLANG_WARN_CONSTANT_CONVERSION = YES;
				CLANG_WARN_DEPRECATED_OBJC_IMPLEMENTATIONS = YES;
				CLANG_WARN_DIRECT_OBJC_ISA_USAGE = YES_ERROR;
				CLANG_WARN_EMPTY_BODY = YES;
				CLANG_WARN_ENUM_CONVERSION = YES;
				CLANG_WARN_INFINITE_RECURSION = YES;
				CLANG_WARN_INT_CONVERSION = YES;
				CLANG_WARN_NON_LITERAL_NULL_CONVERSION = YES;
				CLANG_WARN_OBJC_IMPLICIT_RETAIN_SELF = YES;
				CLANG_WARN_OBJC_LITERAL_CONVERSION = YES;
				CLANG_WARN_OBJC_ROOT_CLASS = YES_ERROR;
				CLANG_WARN_QUOTED_INCLUDE_IN_FRAMEWORK_HEADER = YES;
				CLANG_WARN_RANGE_LOOP_ANALYSIS = YES;
				CLANG_WARN_STRICT_PROTOTYPES = YES;
				CLANG_WARN_SUSPICIOUS_MOVE = YES;
				CLANG_WARN_UNREACHABLE_CODE = YES;
				CLANG_WARN__DUPLICATE_METHOD_MATCH = YES;
				CODE_SIGN_IDENTITY = "iPhone Developer";
				COPY_PHASE_STRIP = NO;
				ENABLE_BITCODE = NO;
				ENABLE_STRICT_OBJC_MSGSEND = YES;
				ENABLE_TESTABILITY = YES;
				ENABLE_USER_SCRIPT_SANDBOXING = YES;
				GCC_C_LANGUAGE_STANDARD = gnu99;
				GCC_DYNAMIC_NO_PIC = NO;
				GCC_NO_COMMON_BLOCKS = YES;
				GCC_OPTIMIZATION_LEVEL = 0;
				GCC_PREPROCESSOR_DEFINITIONS = (
					"DEBUG=1",
					"$(inherited)",
				);
				GCC_SYMBOLS_PRIVATE_EXTERN = NO;
				GCC_WARN_64_TO_32_BIT_CONVERSION = YES;
				GCC_WARN_ABOUT_RETURN_TYPE = YES_ERROR;
				GCC_WARN_UNDECLARED_SELECTOR = YES;
				GCC_WARN_UNINITIALIZED_AUTOS = YES_AGGRESSIVE;
				GCC_WARN_UNUSED_FUNCTION = YES;
				GCC_WARN_UNUSED_VARIABLE = YES;
				IPHONEOS_DEPLOYMENT_TARGET = 12.0;
				MTL_ENABLE_DEBUG_INFO = YES;
				ONLY_ACTIVE_ARCH = YES;
				SDKROOT = iphoneos;
				SWIFT_OPTIMIZATION_LEVEL = "-Onone";
				SWIFT_VERSION = 5.0;
			};
			name = Debug;
		};
		B504E6311A89230F001B414B /* Release */ = {
			isa = XCBuildConfiguration;
			buildSettings = {
				ALWAYS_SEARCH_USER_PATHS = NO;
				APPLICATION_EXTENSION_API_ONLY = YES;
				CLANG_ANALYZER_LOCALIZABILITY_NONLOCALIZED = YES;
				CLANG_CXX_LANGUAGE_STANDARD = "gnu++0x";
				CLANG_CXX_LIBRARY = "libc++";
				CLANG_ENABLE_MODULES = YES;
				CLANG_ENABLE_OBJC_ARC = YES;
				CLANG_WARN_BLOCK_CAPTURE_AUTORELEASING = YES;
				CLANG_WARN_BOOL_CONVERSION = YES;
				CLANG_WARN_COMMA = YES;
				CLANG_WARN_CONSTANT_CONVERSION = YES;
				CLANG_WARN_DEPRECATED_OBJC_IMPLEMENTATIONS = YES;
				CLANG_WARN_DIRECT_OBJC_ISA_USAGE = YES_ERROR;
				CLANG_WARN_EMPTY_BODY = YES;
				CLANG_WARN_ENUM_CONVERSION = YES;
				CLANG_WARN_INFINITE_RECURSION = YES;
				CLANG_WARN_INT_CONVERSION = YES;
				CLANG_WARN_NON_LITERAL_NULL_CONVERSION = YES;
				CLANG_WARN_OBJC_IMPLICIT_RETAIN_SELF = YES;
				CLANG_WARN_OBJC_LITERAL_CONVERSION = YES;
				CLANG_WARN_OBJC_ROOT_CLASS = YES_ERROR;
				CLANG_WARN_QUOTED_INCLUDE_IN_FRAMEWORK_HEADER = YES;
				CLANG_WARN_RANGE_LOOP_ANALYSIS = YES;
				CLANG_WARN_STRICT_PROTOTYPES = YES;
				CLANG_WARN_SUSPICIOUS_MOVE = YES;
				CLANG_WARN_UNREACHABLE_CODE = YES;
				CLANG_WARN__DUPLICATE_METHOD_MATCH = YES;
				CODE_SIGN_IDENTITY = "iPhone Developer";
				COPY_PHASE_STRIP = YES;
				ENABLE_BITCODE = NO;
				ENABLE_NS_ASSERTIONS = NO;
				ENABLE_STRICT_OBJC_MSGSEND = YES;
				ENABLE_USER_SCRIPT_SANDBOXING = YES;
				GCC_C_LANGUAGE_STANDARD = gnu99;
				GCC_NO_COMMON_BLOCKS = YES;
				GCC_WARN_64_TO_32_BIT_CONVERSION = YES;
				GCC_WARN_ABOUT_RETURN_TYPE = YES_ERROR;
				GCC_WARN_UNDECLARED_SELECTOR = YES;
				GCC_WARN_UNINITIALIZED_AUTOS = YES_AGGRESSIVE;
				GCC_WARN_UNUSED_FUNCTION = YES;
				GCC_WARN_UNUSED_VARIABLE = YES;
				IPHONEOS_DEPLOYMENT_TARGET = 12.0;
				MTL_ENABLE_DEBUG_INFO = NO;
				SDKROOT = iphoneos;
				SWIFT_COMPILATION_MODE = wholemodule;
				SWIFT_OPTIMIZATION_LEVEL = "-O";
				SWIFT_VERSION = 5.0;
				VALIDATE_PRODUCT = YES;
			};
			name = Release;
		};
		B504E6681A89690C001B414B /* Debug */ = {
			isa = XCBuildConfiguration;
			buildSettings = {
				PRODUCT_NAME = "$(TARGET_NAME)";
			};
			name = Debug;
		};
		B504E6691A89690C001B414B /* Release */ = {
			isa = XCBuildConfiguration;
			buildSettings = {
				PRODUCT_NAME = "$(TARGET_NAME)";
			};
			name = Release;
		};
		B54A9B702125B418008E646E /* Debug */ = {
			isa = XCBuildConfiguration;
			buildSettings = {
				ALWAYS_EMBED_SWIFT_STANDARD_LIBRARIES = YES;
				ASSETCATALOG_COMPILER_APPICON_NAME = AppIcon;
				CLANG_ANALYZER_NONNULL = YES;
				CLANG_ANALYZER_NUMBER_OBJECT_CONVERSION = YES_AGGRESSIVE;
				CLANG_CXX_LANGUAGE_STANDARD = "gnu++14";
				CLANG_ENABLE_OBJC_WEAK = YES;
				CLANG_WARN_DOCUMENTATION_COMMENTS = YES;
				CLANG_WARN_UNGUARDED_AVAILABILITY = YES_AGGRESSIVE;
				CODE_SIGN_STYLE = Automatic;
				DEBUG_INFORMATION_FORMAT = dwarf;
				DEVELOPMENT_TEAM = YY6CWUX533;
				GCC_C_LANGUAGE_STANDARD = gnu11;
				INFOPLIST_FILE = iOSTestingHarness/Info.plist;
				IPHONEOS_DEPLOYMENT_TARGET = 14.0;
				LD_RUNPATH_SEARCH_PATHS = (
					"$(inherited)",
					"@executable_path/Frameworks",
				);
				MTL_ENABLE_DEBUG_INFO = INCLUDE_SOURCE;
				MTL_FAST_MATH = YES;
				PRODUCT_BUNDLE_IDENTIFIER = com.standalone.iOSTestingHarness;
				PRODUCT_NAME = "$(TARGET_NAME)";
				SWIFT_ACTIVE_COMPILATION_CONDITIONS = DEBUG;
				TARGETED_DEVICE_FAMILY = "1,2";
			};
			name = Debug;
		};
		B54A9B712125B418008E646E /* Release */ = {
			isa = XCBuildConfiguration;
			buildSettings = {
				ALWAYS_EMBED_SWIFT_STANDARD_LIBRARIES = YES;
				ASSETCATALOG_COMPILER_APPICON_NAME = AppIcon;
				CLANG_ANALYZER_NONNULL = YES;
				CLANG_ANALYZER_NUMBER_OBJECT_CONVERSION = YES_AGGRESSIVE;
				CLANG_CXX_LANGUAGE_STANDARD = "gnu++14";
				CLANG_ENABLE_OBJC_WEAK = YES;
				CLANG_WARN_DOCUMENTATION_COMMENTS = YES;
				CLANG_WARN_UNGUARDED_AVAILABILITY = YES_AGGRESSIVE;
				CODE_SIGN_STYLE = Automatic;
				COPY_PHASE_STRIP = NO;
				DEBUG_INFORMATION_FORMAT = "dwarf-with-dsym";
				DEVELOPMENT_TEAM = YY6CWUX533;
				GCC_C_LANGUAGE_STANDARD = gnu11;
				INFOPLIST_FILE = iOSTestingHarness/Info.plist;
				IPHONEOS_DEPLOYMENT_TARGET = 14.0;
				LD_RUNPATH_SEARCH_PATHS = (
					"$(inherited)",
					"@executable_path/Frameworks",
				);
				MTL_FAST_MATH = YES;
				PRODUCT_BUNDLE_IDENTIFIER = com.standalone.iOSTestingHarness;
				PRODUCT_NAME = "$(TARGET_NAME)";
				TARGETED_DEVICE_FAMILY = "1,2";
			};
			name = Release;
		};
		B54A9B732125B418008E646E /* Debug */ = {
			isa = XCBuildConfiguration;
			buildSettings = {
				ALWAYS_EMBED_SWIFT_STANDARD_LIBRARIES = YES;
				BUNDLE_LOADER = "$(TEST_HOST)";
				CLANG_ANALYZER_NONNULL = YES;
				CLANG_ANALYZER_NUMBER_OBJECT_CONVERSION = YES_AGGRESSIVE;
				CLANG_CXX_LANGUAGE_STANDARD = "gnu++14";
				CLANG_ENABLE_OBJC_WEAK = YES;
				CLANG_WARN_DOCUMENTATION_COMMENTS = YES;
				CLANG_WARN_UNGUARDED_AVAILABILITY = YES_AGGRESSIVE;
				CODE_SIGN_STYLE = Automatic;
				DEBUG_INFORMATION_FORMAT = dwarf;
				DEVELOPMENT_TEAM = YY6CWUX533;
				GCC_C_LANGUAGE_STANDARD = gnu11;
				INFOPLIST_FILE = iOSTestingHarnessTests/Info.plist;
				IPHONEOS_DEPLOYMENT_TARGET = 12.0;
				LD_RUNPATH_SEARCH_PATHS = (
					"$(inherited)",
					"@executable_path/Frameworks",
					"@loader_path/Frameworks",
				);
				MTL_ENABLE_DEBUG_INFO = INCLUDE_SOURCE;
				MTL_FAST_MATH = YES;
				PRODUCT_BUNDLE_IDENTIFIER = com.standalone.iOSTestingHarnessTests;
				PRODUCT_NAME = "$(TARGET_NAME)";
				SWIFT_ACTIVE_COMPILATION_CONDITIONS = DEBUG;
				TARGETED_DEVICE_FAMILY = "1,2";
				TEST_HOST = "$(BUILT_PRODUCTS_DIR)/iOSTestingHarness.app/iOSTestingHarness";
			};
			name = Debug;
		};
		B54A9B742125B418008E646E /* Release */ = {
			isa = XCBuildConfiguration;
			buildSettings = {
				ALWAYS_EMBED_SWIFT_STANDARD_LIBRARIES = YES;
				BUNDLE_LOADER = "$(TEST_HOST)";
				CLANG_ANALYZER_NONNULL = YES;
				CLANG_ANALYZER_NUMBER_OBJECT_CONVERSION = YES_AGGRESSIVE;
				CLANG_CXX_LANGUAGE_STANDARD = "gnu++14";
				CLANG_ENABLE_OBJC_WEAK = YES;
				CLANG_WARN_DOCUMENTATION_COMMENTS = YES;
				CLANG_WARN_UNGUARDED_AVAILABILITY = YES_AGGRESSIVE;
				CODE_SIGN_STYLE = Automatic;
				COPY_PHASE_STRIP = NO;
				DEBUG_INFORMATION_FORMAT = "dwarf-with-dsym";
				DEVELOPMENT_TEAM = YY6CWUX533;
				GCC_C_LANGUAGE_STANDARD = gnu11;
				INFOPLIST_FILE = iOSTestingHarnessTests/Info.plist;
				IPHONEOS_DEPLOYMENT_TARGET = 12.0;
				LD_RUNPATH_SEARCH_PATHS = (
					"$(inherited)",
					"@executable_path/Frameworks",
					"@loader_path/Frameworks",
				);
				MTL_FAST_MATH = YES;
				PRODUCT_BUNDLE_IDENTIFIER = com.standalone.iOSTestingHarnessTests;
				PRODUCT_NAME = "$(TARGET_NAME)";
				TARGETED_DEVICE_FAMILY = "1,2";
				TEST_HOST = "$(BUILT_PRODUCTS_DIR)/iOSTestingHarness.app/iOSTestingHarness";
			};
			name = Release;
		};
		B54A9B762125B418008E646E /* Debug */ = {
			isa = XCBuildConfiguration;
			buildSettings = {
				ALWAYS_EMBED_SWIFT_STANDARD_LIBRARIES = YES;
				CLANG_ANALYZER_NONNULL = YES;
				CLANG_ANALYZER_NUMBER_OBJECT_CONVERSION = YES_AGGRESSIVE;
				CLANG_CXX_LANGUAGE_STANDARD = "gnu++14";
				CLANG_ENABLE_OBJC_WEAK = YES;
				CLANG_WARN_DOCUMENTATION_COMMENTS = YES;
				CLANG_WARN_UNGUARDED_AVAILABILITY = YES_AGGRESSIVE;
				CODE_SIGN_STYLE = Automatic;
				DEBUG_INFORMATION_FORMAT = dwarf;
				DEVELOPMENT_TEAM = YY6CWUX533;
				GCC_C_LANGUAGE_STANDARD = gnu11;
				INFOPLIST_FILE = iOSTestingHarnessUITests/Info.plist;
				IPHONEOS_DEPLOYMENT_TARGET = 12.0;
				LD_RUNPATH_SEARCH_PATHS = (
					"$(inherited)",
					"@executable_path/Frameworks",
					"@loader_path/Frameworks",
				);
				MTL_ENABLE_DEBUG_INFO = INCLUDE_SOURCE;
				MTL_FAST_MATH = YES;
				PRODUCT_BUNDLE_IDENTIFIER = com.standalone.iOSTestingHarnessUITests;
				PRODUCT_NAME = "$(TARGET_NAME)";
				SWIFT_ACTIVE_COMPILATION_CONDITIONS = DEBUG;
				TARGETED_DEVICE_FAMILY = "1,2";
				TEST_TARGET_NAME = iOSTestingHarness;
			};
			name = Debug;
		};
		B54A9B772125B418008E646E /* Release */ = {
			isa = XCBuildConfiguration;
			buildSettings = {
				ALWAYS_EMBED_SWIFT_STANDARD_LIBRARIES = YES;
				CLANG_ANALYZER_NONNULL = YES;
				CLANG_ANALYZER_NUMBER_OBJECT_CONVERSION = YES_AGGRESSIVE;
				CLANG_CXX_LANGUAGE_STANDARD = "gnu++14";
				CLANG_ENABLE_OBJC_WEAK = YES;
				CLANG_WARN_DOCUMENTATION_COMMENTS = YES;
				CLANG_WARN_UNGUARDED_AVAILABILITY = YES_AGGRESSIVE;
				CODE_SIGN_STYLE = Automatic;
				COPY_PHASE_STRIP = NO;
				DEBUG_INFORMATION_FORMAT = "dwarf-with-dsym";
				DEVELOPMENT_TEAM = YY6CWUX533;
				GCC_C_LANGUAGE_STANDARD = gnu11;
				INFOPLIST_FILE = iOSTestingHarnessUITests/Info.plist;
				IPHONEOS_DEPLOYMENT_TARGET = 12.0;
				LD_RUNPATH_SEARCH_PATHS = (
					"$(inherited)",
					"@executable_path/Frameworks",
					"@loader_path/Frameworks",
				);
				MTL_FAST_MATH = YES;
				PRODUCT_BUNDLE_IDENTIFIER = com.standalone.iOSTestingHarnessUITests;
				PRODUCT_NAME = "$(TARGET_NAME)";
				TARGETED_DEVICE_FAMILY = "1,2";
				TEST_TARGET_NAME = iOSTestingHarness;
			};
			name = Release;
		};
/* End XCBuildConfiguration section */

/* Begin XCConfigurationList section */
		B504E60E1A89230F001B414B /* Build configuration list for PBXProject "Nearby" */ = {
			isa = XCConfigurationList;
			buildConfigurations = (
				B504E6301A89230F001B414B /* Debug */,
				B504E6311A89230F001B414B /* Release */,
			);
			defaultConfigurationIsVisible = 0;
			defaultConfigurationName = Release;
		};
		B504E6671A89690C001B414B /* Build configuration list for PBXAggregateTarget "Combined Framework" */ = {
			isa = XCConfigurationList;
			buildConfigurations = (
				B504E6681A89690C001B414B /* Debug */,
				B504E6691A89690C001B414B /* Release */,
			);
			defaultConfigurationIsVisible = 0;
			defaultConfigurationName = Release;
		};
		B54A9B6F2125B418008E646E /* Build configuration list for PBXNativeTarget "iOSTestingHarness" */ = {
			isa = XCConfigurationList;
			buildConfigurations = (
				B54A9B702125B418008E646E /* Debug */,
				B54A9B712125B418008E646E /* Release */,
			);
			defaultConfigurationIsVisible = 0;
			defaultConfigurationName = Release;
		};
		B54A9B722125B418008E646E /* Build configuration list for PBXNativeTarget "iOSTestingHarnessTests" */ = {
			isa = XCConfigurationList;
			buildConfigurations = (
				B54A9B732125B418008E646E /* Debug */,
				B54A9B742125B418008E646E /* Release */,
			);
			defaultConfigurationIsVisible = 0;
			defaultConfigurationName = Release;
		};
		B54A9B752125B418008E646E /* Build configuration list for PBXNativeTarget "iOSTestingHarnessUITests" */ = {
			isa = XCConfigurationList;
			buildConfigurations = (
				B54A9B762125B418008E646E /* Debug */,
				B54A9B772125B418008E646E /* Release */,
			);
			defaultConfigurationIsVisible = 0;
			defaultConfigurationName = Release;
		};
/* End XCConfigurationList section */

/* Begin XCRemoteSwiftPackageReference section */
		B5C8C7B82A365D770095788D /* XCRemoteSwiftPackageReference "crossplatformkit" */ = {
			isa = XCRemoteSwiftPackageReference;
			repositoryURL = "https://github.com/bengottlieb/crossplatformkit";
			requirement = {
				kind = upToNextMajorVersion;
				minimumVersion = 1.0.9;
			};
		};
		B5C8C7BB2A365DA90095788D /* XCRemoteSwiftPackageReference "suite" */ = {
			isa = XCRemoteSwiftPackageReference;
			repositoryURL = "https://github.com/bengottlieb/suite";
			requirement = {
				kind = upToNextMajorVersion;
				minimumVersion = 1.0.87;
			};
		};
/* End XCRemoteSwiftPackageReference section */

/* Begin XCSwiftPackageProductDependency section */
		B5C8C7E82A3873020095788D /* CrossPlatformKit */ = {
			isa = XCSwiftPackageProductDependency;
			package = B5C8C7B82A365D770095788D /* XCRemoteSwiftPackageReference "crossplatformkit" */;
			productName = CrossPlatformKit;
		};
		B5C8C7EA2A38730E0095788D /* Suite */ = {
			isa = XCSwiftPackageProductDependency;
			package = B5C8C7BB2A365DA90095788D /* XCRemoteSwiftPackageReference "suite" */;
			productName = Suite;
		};
/* End XCSwiftPackageProductDependency section */
	};
	rootObject = B504E60B1A89230F001B414B /* Project object */;
}
